PODS:
  - Promises (1.0.1)
  - Toolkit (1.1.1)

DEPENDENCIES:
  - Promises (from `https://github.com/madyanov/Promises.git`, tag `v1.0.1`)
  - Toolkit (from `https://github.com/madyanov/iOS-Toolkit.git`, tag `v1.1.1`)

EXTERNAL SOURCES:
  Promises:
    :git: https://github.com/madyanov/Promises.git
    :tag: v1.0.1
  Toolkit:
    :git: https://github.com/madyanov/iOS-Toolkit.git
    :tag: v1.1.1

CHECKOUT OPTIONS:
  Promises:
    :git: https://github.com/madyanov/Promises.git
    :tag: v1.0.1
  Toolkit:
    :git: https://github.com/madyanov/iOS-Toolkit.git
    :tag: v1.1.1

SPEC CHECKSUMS:
  Promises: 33cfc73315c643499b6ffb25f5e98c7ed4d4b48b
  Toolkit: aa1f47df638c0b451068784b166399f96c1e52e5

PODFILE CHECKSUM: 8bf57dc3f27b9696050850c097278af06e4fcd64

COCOAPODS: 1.9.1
