PODS:
  - Toolkit (1.1.1)

DEPENDENCIES:
  - Toolkit (from `https://github.com/madyanov/iOS-Toolkit.git`, tag `v1.1.1`)

EXTERNAL SOURCES:
  Toolkit:
    :git: https://github.com/madyanov/iOS-Toolkit.git
    :tag: v1.1.1

CHECKOUT OPTIONS:
  Toolkit:
    :git: https://github.com/madyanov/iOS-Toolkit.git
    :tag: v1.1.1

SPEC CHECKSUMS:
  Toolkit: aa1f47df638c0b451068784b166399f96c1e52e5

PODFILE CHECKSUM: f7fda77a6022c0ec7a3d71b874ef85b46502eaf2

COCOAPODS: 1.9.1
