{
  "object": {
    "pins": [
      {
        "package": "Toolkit",
        "repositoryURL": "https://github.com/madyanov/iOS-Toolkit",
        "state": {
          "branch": null,
          "revision": "5b32a824eb79eceec81d48491ec551744e9495f0",
          "version": "1.2.8"
        }
      },
      {
        "package": "Promises",
        "repositoryURL": "https://github.com/madyanov/Promises",
        "state": {
          "branch": null,
          "revision": "44e6c85de7d158cafde8ca5de90f653abbd3448d",
          "version": "1.0.4"
        }
      }
    ]
  },
  "version": 1
}
